
Microsoft Visual Studio Solution File, Format Version 12.00
# Visual Studio Version 16
VisualStudioVersion = 16.0.30621.155
MinimumVisualStudioVersion = 10.0.40219.1
Project("{FAE04EC0-301F-11D3-BF4B-00C04F79EFBC}") = "StacksAndQueues", "StacksAndQueues\StacksAndQueues.csproj", "{CFBD48CD-DE2F-40E2-9F65-2B7FC5B4B29A}"
EndProject
Global
	GlobalSection(SolutionConfigurationPlatforms) = preSolution
		Debug|Any CPU = Debug|Any CPU
		Release|Any CPU = Release|Any CPU
	EndGlobalSection
	GlobalSection(ProjectConfigurationPlatforms) = postSolution
		{CFBD48CD-DE2F-40E2-9F65-2B7FC5B4B29A}.Debug|Any CPU.ActiveCfg = Debug|Any CPU
		{CFBD48CD-DE2F-40E2-9F65-2B7FC5B4B29A}.Debug|Any CPU.Build.0 = Debug|Any CPU
		{CFBD48CD-DE2F-40E2-9F65-2B7FC5B4B29A}.Release|Any CPU.ActiveCfg = Release|Any CPU
		{CFBD48CD-DE2F-40E2-9F65-2B7FC5B4B29A}.Release|Any CPU.Build.0 = Release|Any CPU
	EndGlobalSection
	GlobalSection(SolutionProperties) = preSolution
		HideSolutionNode = FALSE
	EndGlobalSection
	GlobalSection(ExtensibilityGlobals) = postSolution
		SolutionGuid = {E0043409-5BD0-41BC-8A24-77E673817DA9}
	EndGlobalSection
EndGlobal
